
Microsoft Visual Studio Solution File, Format Version 12.00
# Visual Studio Version 17
VisualStudioVersion = 17.11.35303.130
MinimumVisualStudioVersion = 10.0.40219.1
Project("{9A19103F-16F7-4668-BE54-9A1E7A4F7556}") = "MagicVilla_VillaAPI", "MagicVilla_VillaAPI\MagicVilla_VillaAPI.csproj", "{7E7D8115-1382-448C-9B87-61313CFA7C9A}"
EndProject
Project("{9A19103F-16F7-4668-BE54-9A1E7A4F7556}") = "MagicVilla_Web", "MagicVilla_Web\MagicVilla_Web.csproj", "{22F7CD68-14FC-4398-AECD-BBF32F041E48}"
EndProject
Project("{FAE04EC0-301F-11D3-BF4B-00C04F79EFBC}") = "MagicVilla_Utility", "MagicVilla_Utility\MagicVilla_Utility.csproj", "{C8414EC4-9458-4489-A293-F0E14CD63777}"
EndProject
Global
	GlobalSection(SolutionConfigurationPlatforms) = preSolution
		Debug|Any CPU = Debug|Any CPU
		Release|Any CPU = Release|Any CPU
	EndGlobalSection
	GlobalSection(ProjectConfigurationPlatforms) = postSolution
		{7E7D8115-1382-448C-9B87-61313CFA7C9A}.Debug|Any CPU.ActiveCfg = Debug|Any CPU
		{7E7D8115-1382-448C-9B87-61313CFA7C9A}.Debug|Any CPU.Build.0 = Debug|Any CPU
		{7E7D8115-1382-448C-9B87-61313CFA7C9A}.Release|Any CPU.ActiveCfg = Release|Any CPU
		{7E7D8115-1382-448C-9B87-61313CFA7C9A}.Release|Any CPU.Build.0 = Release|Any CPU
		{22F7CD68-14FC-4398-AECD-BBF32F041E48}.Debug|Any CPU.ActiveCfg = Debug|Any CPU
		{22F7CD68-14FC-4398-AECD-BBF32F041E48}.Debug|Any CPU.Build.0 = Debug|Any CPU
		{22F7CD68-14FC-4398-AECD-BBF32F041E48}.Release|Any CPU.ActiveCfg = Release|Any CPU
		{22F7CD68-14FC-4398-AECD-BBF32F041E48}.Release|Any CPU.Build.0 = Release|Any CPU
		{C8414EC4-9458-4489-A293-F0E14CD63777}.Debug|Any CPU.ActiveCfg = Debug|Any CPU
		{C8414EC4-9458-4489-A293-F0E14CD63777}.Debug|Any CPU.Build.0 = Debug|Any CPU
		{C8414EC4-9458-4489-A293-F0E14CD63777}.Release|Any CPU.ActiveCfg = Release|Any CPU
		{C8414EC4-9458-4489-A293-F0E14CD63777}.Release|Any CPU.Build.0 = Release|Any CPU
	EndGlobalSection
	GlobalSection(SolutionProperties) = preSolution
		HideSolutionNode = FALSE
	EndGlobalSection
	GlobalSection(ExtensibilityGlobals) = postSolution
		SolutionGuid = {8A6DD644-027A-4563-839B-FA8EADB22689}
	EndGlobalSection
EndGlobal
